// !$*UTF8*$!
{
	archiveVersion = 1;
	classes = {
	};
	objectVersion = 46;
	objects = {

/* Begin PBXBuildFile section */
		7A841FD91948054F00806884 /* Foundation.framework in Frameworks */ = {isa = PBXBuildFile; fileRef = 7A841FD81948054F00806884 /* Foundation.framework */; };
		7A841FDB1948054F00806884 /* CoreGraphics.framework in Frameworks */ = {isa = PBXBuildFile; fileRef = 7A841FDA1948054F00806884 /* CoreGraphics.framework */; };
		7A841FDD1948054F00806884 /* UIKit.framework in Frameworks */ = {isa = PBXBuildFile; fileRef = 7A841FDC1948054F00806884 /* UIKit.framework */; };
		7A841FE31948054F00806884 /* InfoPlist.strings in Resources */ = {isa = PBXBuildFile; fileRef = 7A841FE11948054F00806884 /* InfoPlist.strings */; };
		7A841FE51948054F00806884 /* main.m in Sources */ = {isa = PBXBuildFile; fileRef = 7A841FE41948054F00806884 /* main.m */; };
		7A841FE91948054F00806884 /* JLAppDelegate.m in Sources */ = {isa = PBXBuildFile; fileRef = 7A841FE81948054F00806884 /* JLAppDelegate.m */; };
		7A841FEB1948054F00806884 /* Images.xcassets in Resources */ = {isa = PBXBuildFile; fileRef = 7A841FEA1948054F00806884 /* Images.xcassets */; };
		7A841FF21948054F00806884 /* XCTest.framework in Frameworks */ = {isa = PBXBuildFile; fileRef = 7A841FF11948054F00806884 /* XCTest.framework */; };
		7A841FF31948054F00806884 /* Foundation.framework in Frameworks */ = {isa = PBXBuildFile; fileRef = 7A841FD81948054F00806884 /* Foundation.framework */; };
		7A841FF41948054F00806884 /* UIKit.framework in Frameworks */ = {isa = PBXBuildFile; fileRef = 7A841FDC1948054F00806884 /* UIKit.framework */; };
		7A841FFC1948054F00806884 /* InfoPlist.strings in Resources */ = {isa = PBXBuildFile; fileRef = 7A841FFA1948054F00806884 /* InfoPlist.strings */; };
		7A841FFE1948054F00806884 /* facebook_navigationTests.m in Sources */ = {isa = PBXBuildFile; fileRef = 7A841FFD1948054F00806884 /* facebook_navigationTests.m */; };
		7A84200A1948067600806884 /* AuthenticationViewController.m in Sources */ = {isa = PBXBuildFile; fileRef = 7A8420081948067600806884 /* AuthenticationViewController.m */; };
		7A84200B1948067600806884 /* AuthenticationViewController.xib in Resources */ = {isa = PBXBuildFile; fileRef = 7A8420091948067600806884 /* AuthenticationViewController.xib */; };
		7A8420101948087700806884 /* FeedViewController.m in Sources */ = {isa = PBXBuildFile; fileRef = 7A84200E1948087700806884 /* FeedViewController.m */; };
		7A8420111948087700806884 /* FeedViewController.xib in Resources */ = {isa = PBXBuildFile; fileRef = 7A84200F1948087700806884 /* FeedViewController.xib */; };
/* End PBXBuildFile section */

/* Begin PBXContainerItemProxy section */
		7A841FF51948054F00806884 /* PBXContainerItemProxy */ = {
			isa = PBXContainerItemProxy;
			containerPortal = 7A841FCD1948054F00806884 /* Project object */;
			proxyType = 1;
			remoteGlobalIDString = 7A841FD41948054F00806884;
			remoteInfo = "facebook-navigation";
		};
/* End PBXContainerItemProxy section */

/* Begin PBXFileReference section */
		7A841FD51948054F00806884 /* facebook-navigation.app */ = {isa = PBXFileReference; explicitFileType = wrapper.application; includeInIndex = 0; path = "facebook-navigation.app"; sourceTree = BUILT_PRODUCTS_DIR; };
		7A841FD81948054F00806884 /* Foundation.framework */ = {isa = PBXFileReference; lastKnownFileType = wrapper.framework; name = Foundation.framework; path = System/Library/Frameworks/Foundation.framework; sourceTree = SDKROOT; };
		7A841FDA1948054F00806884 /* CoreGraphics.framework */ = {isa = PBXFileReference; lastKnownFileType = wrapper.framework; name = CoreGraphics.framework; path = System/Library/Frameworks/CoreGraphics.framework; sourceTree = SDKROOT; };
		7A841FDC1948054F00806884 /* UIKit.framework */ = {isa = PBXFileReference; lastKnownFileType = wrapper.framework; name = UIKit.framework; path = System/Library/Frameworks/UIKit.framework; sourceTree = SDKROOT; };
		7A841FE01948054F00806884 /* facebook-navigation-Info.plist */ = {isa = PBXFileReference; lastKnownFileType = text.plist.xml; path = "facebook-navigation-Info.plist"; sourceTree = "<group>"; };
		7A841FE21948054F00806884 /* en */ = {isa = PBXFileReference; lastKnownFileType = text.plist.strings; name = en; path = en.lproj/InfoPlist.strings; sourceTree = "<group>"; };
		7A841FE41948054F00806884 /* main.m */ = {isa = PBXFileReference; lastKnownFileType = sourcecode.c.objc; path = main.m; sourceTree = "<group>"; };
		7A841FE61948054F00806884 /* facebook-navigation-Prefix.pch */ = {isa = PBXFileReference; lastKnownFileType = sourcecode.c.h; path = "facebook-navigation-Prefix.pch"; sourceTree = "<group>"; };
		7A841FE71948054F00806884 /* JLAppDelegate.h */ = {isa = PBXFileReference; lastKnownFileType = sourcecode.c.h; path = JLAppDelegate.h; sourceTree = "<group>"; };
		7A841FE81948054F00806884 /* JLAppDelegate.m */ = {isa = PBXFileReference; lastKnownFileType = sourcecode.c.objc; path = JLAppDelegate.m; sourceTree = "<group>"; };
		7A841FEA1948054F00806884 /* Images.xcassets */ = {isa = PBXFileReference; lastKnownFileType = folder.assetcatalog; path = Images.xcassets; sourceTree = "<group>"; };
		7A841FF01948054F00806884 /* facebook-navigationTests.xctest */ = {isa = PBXFileReference; explicitFileType = wrapper.cfbundle; includeInIndex = 0; path = "facebook-navigationTests.xctest"; sourceTree = BUILT_PRODUCTS_DIR; };
		7A841FF11948054F00806884 /* XCTest.framework */ = {isa = PBXFileReference; lastKnownFileType = wrapper.framework; name = XCTest.framework; path = Library/Frameworks/XCTest.framework; sourceTree = DEVELOPER_DIR; };
		7A841FF91948054F00806884 /* facebook-navigationTests-Info.plist */ = {isa = PBXFileReference; lastKnownFileType = text.plist.xml; path = "facebook-navigationTests-Info.plist"; sourceTree = "<group>"; };
		7A841FFB1948054F00806884 /* en */ = {isa = PBXFileReference; lastKnownFileType = text.plist.strings; name = en; path = en.lproj/InfoPlist.strings; sourceTree = "<group>"; };
		7A841FFD1948054F00806884 /* facebook_navigationTests.m */ = {isa = PBXFileReference; lastKnownFileType = sourcecode.c.objc; path = facebook_navigationTests.m; sourceTree = "<group>"; };
		7A8420071948067600806884 /* AuthenticationViewController.h */ = {isa = PBXFileReference; fileEncoding = 4; lastKnownFileType = sourcecode.c.h; path = AuthenticationViewController.h; sourceTree = "<group>"; };
		7A8420081948067600806884 /* AuthenticationViewController.m */ = {isa = PBXFileReference; fileEncoding = 4; lastKnownFileType = sourcecode.c.objc; path = AuthenticationViewController.m; sourceTree = "<group>"; };
		7A8420091948067600806884 /* AuthenticationViewController.xib */ = {isa = PBXFileReference; fileEncoding = 4; lastKnownFileType = file.xib; path = AuthenticationViewController.xib; sourceTree = "<group>"; };
		7A84200D1948087700806884 /* FeedViewController.h */ = {isa = PBXFileReference; fileEncoding = 4; lastKnownFileType = sourcecode.c.h; name = FeedViewController.h; path = ../FeedViewController.h; sourceTree = "<group>"; };
		7A84200E1948087700806884 /* FeedViewController.m */ = {isa = PBXFileReference; fileEncoding = 4; lastKnownFileType = sourcecode.c.objc; name = FeedViewController.m; path = ../FeedViewController.m; sourceTree = "<group>"; };
		7A84200F1948087700806884 /* FeedViewController.xib */ = {isa = PBXFileReference; fileEncoding = 4; lastKnownFileType = file.xib; name = FeedViewController.xib; path = ../FeedViewController.xib; sourceTree = "<group>"; };
/* End PBXFileReference section */

/* Begin PBXFrameworksBuildPhase section */
		7A841FD21948054F00806884 /* Frameworks */ = {
			isa = PBXFrameworksBuildPhase;
			buildActionMask = 2147483647;
			files = (
				7A841FDB1948054F00806884 /* CoreGraphics.framework in Frameworks */,
				7A841FDD1948054F00806884 /* UIKit.framework in Frameworks */,
				7A841FD91948054F00806884 /* Foundation.framework in Frameworks */,
			);
			runOnlyForDeploymentPostprocessing = 0;
		};
		7A841FED1948054F00806884 /* Frameworks */ = {
			isa = PBXFrameworksBuildPhase;
			buildActionMask = 2147483647;
			files = (
				7A841FF21948054F00806884 /* XCTest.framework in Frameworks */,
				7A841FF41948054F00806884 /* UIKit.framework in Frameworks */,
				7A841FF31948054F00806884 /* Foundation.framework in Frameworks */,
			);
			runOnlyForDeploymentPostprocessing = 0;
		};
/* End PBXFrameworksBuildPhase section */

/* Begin PBXGroup section */
		7A841FCC1948054F00806884 = {
			isa = PBXGroup;
			children = (
				7A841FDE1948054F00806884 /* facebook-navigation */,
				7A841FF71948054F00806884 /* facebook-navigationTests */,
				7A841FD71948054F00806884 /* Frameworks */,
				7A841FD61948054F00806884 /* Products */,
			);
			sourceTree = "<group>";
		};
		7A841FD61948054F00806884 /* Products */ = {
			isa = PBXGroup;
			children = (
				7A841FD51948054F00806884 /* facebook-navigation.app */,
				7A841FF01948054F00806884 /* facebook-navigationTests.xctest */,
			);
			name = Products;
			sourceTree = "<group>";
		};
		7A841FD71948054F00806884 /* Frameworks */ = {
			isa = PBXGroup;
			children = (
				7A841FD81948054F00806884 /* Foundation.framework */,
				7A841FDA1948054F00806884 /* CoreGraphics.framework */,
				7A841FDC1948054F00806884 /* UIKit.framework */,
				7A841FF11948054F00806884 /* XCTest.framework */,
			);
			name = Frameworks;
			sourceTree = "<group>";
		};
		7A841FDE1948054F00806884 /* facebook-navigation */ = {
			isa = PBXGroup;
			children = (
				7A841FE71948054F00806884 /* JLAppDelegate.h */,
				7A841FE81948054F00806884 /* JLAppDelegate.m */,
				7A841FEA1948054F00806884 /* Images.xcassets */,
				7A841FDF1948054F00806884 /* Supporting Files */,
				7A84200C1948084100806884 /* controllers */,
			);
			path = "facebook-navigation";
			sourceTree = "<group>";
		};
		7A841FDF1948054F00806884 /* Supporting Files */ = {
			isa = PBXGroup;
			children = (
				7A841FE01948054F00806884 /* facebook-navigation-Info.plist */,
				7A841FE11948054F00806884 /* InfoPlist.strings */,
				7A841FE41948054F00806884 /* main.m */,
				7A841FE61948054F00806884 /* facebook-navigation-Prefix.pch */,
			);
			name = "Supporting Files";
			sourceTree = "<group>";
		};
		7A841FF71948054F00806884 /* facebook-navigationTests */ = {
			isa = PBXGroup;
			children = (
				7A841FFD1948054F00806884 /* facebook_navigationTests.m */,
				7A841FF81948054F00806884 /* Supporting Files */,
			);
			path = "facebook-navigationTests";
			sourceTree = "<group>";
		};
		7A841FF81948054F00806884 /* Supporting Files */ = {
			isa = PBXGroup;
			children = (
				7A841FF91948054F00806884 /* facebook-navigationTests-Info.plist */,
				7A841FFA1948054F00806884 /* InfoPlist.strings */,
			);
			name = "Supporting Files";
			sourceTree = "<group>";
		};
		7A84200C1948084100806884 /* controllers */ = {
			isa = PBXGroup;
			children = (
				7A84200D1948087700806884 /* FeedViewController.h */,
				7A84200E1948087700806884 /* FeedViewController.m */,
				7A84200F1948087700806884 /* FeedViewController.xib */,
				7A8420071948067600806884 /* AuthenticationViewController.h */,
				7A8420081948067600806884 /* AuthenticationViewController.m */,
				7A8420091948067600806884 /* AuthenticationViewController.xib */,
			);
			name = controllers;
			sourceTree = "<group>";
		};
/* End PBXGroup section */

/* Begin PBXNativeTarget section */
		7A841FD41948054F00806884 /* facebook-navigation */ = {
			isa = PBXNativeTarget;
			buildConfigurationList = 7A8420011948054F00806884 /* Build configuration list for PBXNativeTarget "facebook-navigation" */;
			buildPhases = (
				7A841FD11948054F00806884 /* Sources */,
				7A841FD21948054F00806884 /* Frameworks */,
				7A841FD31948054F00806884 /* Resources */,
			);
			buildRules = (
			);
			dependencies = (
			);
			name = "facebook-navigation";
			productName = "facebook-navigation";
			productReference = 7A841FD51948054F00806884 /* facebook-navigation.app */;
			productType = "com.apple.product-type.application";
		};
		7A841FEF1948054F00806884 /* facebook-navigationTests */ = {
			isa = PBXNativeTarget;
			buildConfigurationList = 7A8420041948054F00806884 /* Build configuration list for PBXNativeTarget "facebook-navigationTests" */;
			buildPhases = (
				7A841FEC1948054F00806884 /* Sources */,
				7A841FED1948054F00806884 /* Frameworks */,
				7A841FEE1948054F00806884 /* Resources */,
			);
			buildRules = (
			);
			dependencies = (
				7A841FF61948054F00806884 /* PBXTargetDependency */,
			);
			name = "facebook-navigationTests";
			productName = "facebook-navigationTests";
			productReference = 7A841FF01948054F00806884 /* facebook-navigationTests.xctest */;
			productType = "com.apple.product-type.bundle.unit-test";
		};
/* End PBXNativeTarget section */

/* Begin PBXProject section */
		7A841FCD1948054F00806884 /* Project object */ = {
			isa = PBXProject;
			attributes = {
				CLASSPREFIX = JL;
				LastUpgradeCheck = 0510;
				ORGANIZATIONNAME = mn8;
				TargetAttributes = {
					7A841FEF1948054F00806884 = {
						TestTargetID = 7A841FD41948054F00806884;
					};
				};
			};
			buildConfigurationList = 7A841FD01948054F00806884 /* Build configuration list for PBXProject "facebook-navigation" */;
			compatibilityVersion = "Xcode 3.2";
			developmentRegion = English;
			hasScannedForEncodings = 0;
			knownRegions = (
				en,
			);
			mainGroup = 7A841FCC1948054F00806884;
			productRefGroup = 7A841FD61948054F00806884 /* Products */;
			projectDirPath = "";
			projectRoot = "";
			targets = (
				7A841FD41948054F00806884 /* facebook-navigation */,
				7A841FEF1948054F00806884 /* facebook-navigationTests */,
			);
		};
/* End PBXProject section */

/* Begin PBXResourcesBuildPhase section */
		7A841FD31948054F00806884 /* Resources */ = {
			isa = PBXResourcesBuildPhase;
			buildActionMask = 2147483647;
			files = (
				7A84200B1948067600806884 /* AuthenticationViewController.xib in Resources */,
				7A841FE31948054F00806884 /* InfoPlist.strings in Resources */,
				7A8420111948087700806884 /* FeedViewController.xib in Resources */,
				7A841FEB1948054F00806884 /* Images.xcassets in Resources */,
			);
			runOnlyForDeploymentPostprocessing = 0;
		};
		7A841FEE1948054F00806884 /* Resources */ = {
			isa = PBXResourcesBuildPhase;
			buildActionMask = 2147483647;
			files = (
				7A841FFC1948054F00806884 /* InfoPlist.strings in Resources */,
			);
			runOnlyForDeploymentPostprocessing = 0;
		};
/* End PBXResourcesBuildPhase section */

/* Begin PBXSourcesBuildPhase section */
		7A841FD11948054F00806884 /* Sources */ = {
			isa = PBXSourcesBuildPhase;
			buildActionMask = 2147483647;
			files = (
				7A841FE91948054F00806884 /* JLAppDelegate.m in Sources */,
				7A84200A1948067600806884 /* AuthenticationViewController.m in Sources */,
				7A8420101948087700806884 /* FeedViewController.m in Sources */,
				7A841FE51948054F00806884 /* main.m in Sources */,
			);
			runOnlyForDeploymentPostprocessing = 0;
		};
		7A841FEC1948054F00806884 /* Sources */ = {
			isa = PBXSourcesBuildPhase;
			buildActionMask = 2147483647;
			files = (
				7A841FFE1948054F00806884 /* facebook_navigationTests.m in Sources */,
			);
			runOnlyForDeploymentPostprocessing = 0;
		};
/* End PBXSourcesBuildPhase section */

/* Begin PBXTargetDependency section */
		7A841FF61948054F00806884 /* PBXTargetDependency */ = {
			isa = PBXTargetDependency;
			target = 7A841FD41948054F00806884 /* facebook-navigation */;
			targetProxy = 7A841FF51948054F00806884 /* PBXContainerItemProxy */;
		};
/* End PBXTargetDependency section */

/* Begin PBXVariantGroup section */
		7A841FE11948054F00806884 /* InfoPlist.strings */ = {
			isa = PBXVariantGroup;
			children = (
				7A841FE21948054F00806884 /* en */,
			);
			name = InfoPlist.strings;
			sourceTree = "<group>";
		};
		7A841FFA1948054F00806884 /* InfoPlist.strings */ = {
			isa = PBXVariantGroup;
			children = (
				7A841FFB1948054F00806884 /* en */,
			);
			name = InfoPlist.strings;
			sourceTree = "<group>";
		};
/* End PBXVariantGroup section */

/* Begin XCBuildConfiguration section */
		7A841FFF1948054F00806884 /* Debug */ = {
			isa = XCBuildConfiguration;
			buildSettings = {
				ALWAYS_SEARCH_USER_PATHS = NO;
				CLANG_CXX_LANGUAGE_STANDARD = "gnu++0x";
				CLANG_CXX_LIBRARY = "libc++";
				CLANG_ENABLE_MODULES = YES;
				CLANG_ENABLE_OBJC_ARC = YES;
				CLANG_WARN_BOOL_CONVERSION = YES;
				CLANG_WARN_CONSTANT_CONVERSION = YES;
				CLANG_WARN_DIRECT_OBJC_ISA_USAGE = YES_ERROR;
				CLANG_WARN_EMPTY_BODY = YES;
				CLANG_WARN_ENUM_CONVERSION = YES;
				CLANG_WARN_INT_CONVERSION = YES;
				CLANG_WARN_OBJC_ROOT_CLASS = YES_ERROR;
				CLANG_WARN__DUPLICATE_METHOD_MATCH = YES;
				"CODE_SIGN_IDENTITY[sdk=iphoneos*]" = "iPhone Developer";
				COPY_PHASE_STRIP = NO;
				GCC_C_LANGUAGE_STANDARD = gnu99;
				GCC_DYNAMIC_NO_PIC = NO;
				GCC_OPTIMIZATION_LEVEL = 0;
				GCC_PREPROCESSOR_DEFINITIONS = (
					"DEBUG=1",
					"$(inherited)",
				);
				GCC_SYMBOLS_PRIVATE_EXTERN = NO;
				GCC_WARN_64_TO_32_BIT_CONVERSION = YES;
				GCC_WARN_ABOUT_RETURN_TYPE = YES_ERROR;
				GCC_WARN_UNDECLARED_SELECTOR = YES;
				GCC_WARN_UNINITIALIZED_AUTOS = YES_AGGRESSIVE;
				GCC_WARN_UNUSED_FUNCTION = YES;
				GCC_WARN_UNUSED_VARIABLE = YES;
				IPHONEOS_DEPLOYMENT_TARGET = 7.1;
				ONLY_ACTIVE_ARCH = YES;
				SDKROOT = iphoneos;
			};
			name = Debug;
		};
		7A8420001948054F00806884 /* Release */ = {
			isa = XCBuildConfiguration;
			buildSettings = {
				ALWAYS_SEARCH_USER_PATHS = NO;
				CLANG_CXX_LANGUAGE_STANDARD = "gnu++0x";
				CLANG_CXX_LIBRARY = "libc++";
				CLANG_ENABLE_MODULES = YES;
				CLANG_ENABLE_OBJC_ARC = YES;
				CLANG_WARN_BOOL_CONVERSION = YES;
				CLANG_WARN_CONSTANT_CONVERSION = YES;
				CLANG_WARN_DIRECT_OBJC_ISA_USAGE = YES_ERROR;
				CLANG_WARN_EMPTY_BODY = YES;
				CLANG_WARN_ENUM_CONVERSION = YES;
				CLANG_WARN_INT_CONVERSION = YES;
				CLANG_WARN_OBJC_ROOT_CLASS = YES_ERROR;
				CLANG_WARN__DUPLICATE_METHOD_MATCH = YES;
				"CODE_SIGN_IDENTITY[sdk=iphoneos*]" = "iPhone Developer";
				COPY_PHASE_STRIP = YES;
				ENABLE_NS_ASSERTIONS = NO;
				GCC_C_LANGUAGE_STANDARD = gnu99;
				GCC_WARN_64_TO_32_BIT_CONVERSION = YES;
				GCC_WARN_ABOUT_RETURN_TYPE = YES_ERROR;
				GCC_WARN_UNDECLARED_SELECTOR = YES;
				GCC_WARN_UNINITIALIZED_AUTOS = YES_AGGRESSIVE;
				GCC_WARN_UNUSED_FUNCTION = YES;
				GCC_WARN_UNUSED_VARIABLE = YES;
				IPHONEOS_DEPLOYMENT_TARGET = 7.1;
				SDKROOT = iphoneos;
				VALIDATE_PRODUCT = YES;
			};
			name = Release;
		};
		7A8420021948054F00806884 /* Debug */ = {
			isa = XCBuildConfiguration;
			buildSettings = {
				ASSETCATALOG_COMPILER_APPICON_NAME = AppIcon;
				ASSETCATALOG_COMPILER_LAUNCHIMAGE_NAME = LaunchImage;
				GCC_PRECOMPILE_PREFIX_HEADER = YES;
				GCC_PREFIX_HEADER = "facebook-navigation/facebook-navigation-Prefix.pch";
				INFOPLIST_FILE = "facebook-navigation/facebook-navigation-Info.plist";
				PRODUCT_NAME = "$(TARGET_NAME)";
				WRAPPER_EXTENSION = app;
			};
			name = Debug;
		};
		7A8420031948054F00806884 /* Release */ = {
			isa = XCBuildConfiguration;
			buildSettings = {
				ASSETCATALOG_COMPILER_APPICON_NAME = AppIcon;
				ASSETCATALOG_COMPILER_LAUNCHIMAGE_NAME = LaunchImage;
				GCC_PRECOMPILE_PREFIX_HEADER = YES;
				GCC_PREFIX_HEADER = "facebook-navigation/facebook-navigation-Prefix.pch";
				INFOPLIST_FILE = "facebook-navigation/facebook-navigation-Info.plist";
				PRODUCT_NAME = "$(TARGET_NAME)";
				WRAPPER_EXTENSION = app;
			};
			name = Release;
		};
		7A8420051948054F00806884 /* Debug */ = {
			isa = XCBuildConfiguration;
			buildSettings = {
				BUNDLE_LOADER = "$(BUILT_PRODUCTS_DIR)/facebook-navigation.app/facebook-navigation";
				FRAMEWORK_SEARCH_PATHS = (
					"$(SDKROOT)/Developer/Library/Frameworks",
					"$(inherited)",
					"$(DEVELOPER_FRAMEWORKS_DIR)",
				);
				GCC_PRECOMPILE_PREFIX_HEADER = YES;
				GCC_PREFIX_HEADER = "facebook-navigation/facebook-navigation-Prefix.pch";
				GCC_PREPROCESSOR_DEFINITIONS = (
					"DEBUG=1",
					"$(inherited)",
				);
				INFOPLIST_FILE = "facebook-navigationTests/facebook-navigationTests-Info.plist";
				PRODUCT_NAME = "$(TARGET_NAME)";
				TEST_HOST = "$(BUNDLE_LOADER)";
				WRAPPER_EXTENSION = xctest;
			};
			name = Debug;
		};
		7A8420061948054F00806884 /* Release */ = {
			isa = XCBuildConfiguration;
			buildSettings = {
				BUNDLE_LOADER = "$(BUILT_PRODUCTS_DIR)/facebook-navigation.app/facebook-navigation";
				FRAMEWORK_SEARCH_PATHS = (
					"$(SDKROOT)/Developer/Library/Frameworks",
					"$(inherited)",
					"$(DEVELOPER_FRAMEWORKS_DIR)",
				);
				GCC_PRECOMPILE_PREFIX_HEADER = YES;
				GCC_PREFIX_HEADER = "facebook-navigation/facebook-navigation-Prefix.pch";
				INFOPLIST_FILE = "facebook-navigationTests/facebook-navigationTests-Info.plist";
				PRODUCT_NAME = "$(TARGET_NAME)";
				TEST_HOST = "$(BUNDLE_LOADER)";
				WRAPPER_EXTENSION = xctest;
			};
			name = Release;
		};
/* End XCBuildConfiguration section */

/* Begin XCConfigurationList section */
		7A841FD01948054F00806884 /* Build configuration list for PBXProject "facebook-navigation" */ = {
			isa = XCConfigurationList;
			buildConfigurations = (
				7A841FFF1948054F00806884 /* Debug */,
				7A8420001948054F00806884 /* Release */,
			);
			defaultConfigurationIsVisible = 0;
			defaultConfigurationName = Release;
		};
		7A8420011948054F00806884 /* Build configuration list for PBXNativeTarget "facebook-navigation" */ = {
			isa = XCConfigurationList;
			buildConfigurations = (
				7A8420021948054F00806884 /* Debug */,
				7A8420031948054F00806884 /* Release */,
			);
			defaultConfigurationIsVisible = 0;
		};
		7A8420041948054F00806884 /* Build configuration list for PBXNativeTarget "facebook-navigationTests" */ = {
			isa = XCConfigurationList;
			buildConfigurations = (
				7A8420051948054F00806884 /* Debug */,
				7A8420061948054F00806884 /* Release */,
			);
			defaultConfigurationIsVisible = 0;
		};
/* End XCConfigurationList section */
	};
	rootObject = 7A841FCD1948054F00806884 /* Project object */;
}
